<?xml version="1.0" encoding="UTF-8" standalone="yes" ?>
<CodeBlocks_project_file>
	<FileVersion major="1" minor="6" />
	<Project>
		<Option title="Engine" />
		<Option makefile="MakeFile" />
		<Option execution_dir="../soil/Simple OpenGL Image Library/projects/makefile" />
		<Option pch_mode="2" />
		<Option compiler="gcc" />
		<Option extended_obj_names="1" />
		<Build>
			<Target title="Debug">
				<Option output="bin/Debug/Engine" prefix_auto="1" extension_auto="1" />
				<Option object_output="obj/Debug/" />
				<Option type="1" />
				<Option compiler="gcc" />
				<Compiler>
					<Add option="-std=c++11" />
					<Add option="-g" />
					<Add directory="include" />
					<Add directory="irrKlang-1.6.0/include" />
				</Compiler>
				<Linker>
					<Add library="irrKlang-1.6.0/lib/Win32-gcc/libirrKlang.a" />
				</Linker>
			</Target>
			<Target title="Release">
				<Option output="bin/Release/Engine" prefix_auto="1" extension_auto="1" />
				<Option object_output="obj/Release/" />
				<Option type="0" />
				<Option compiler="gcc" />
				<Compiler>
					<Add option="-O2" />
					<Add option="-std=c++11" />
					<Add directory="include" />
				</Compiler>
				<Linker>
					<Add option="-s" />
				</Linker>
			</Target>
		</Build>
		<Compiler>
			<Add option="-Wall" />
			<Add option="-std=c++11" />
			<Add directory="../Common/include/GL" />
			<Add directory="Common/include" />
			<Add directory="irrKlang-1.6.0/include" />
		</Compiler>
		<Linker>
			<Add library="Common/lib/libSOIL.a" />
			<Add library="irrKlang-1.6.0/lib/Win32-gcc/libirrKlang.a" />
			<Add library="Common/lib/glew32s.lib" />
			<Add library="opengl32" />
			<Add library="glu32" />
			<Add library="gdi32" />
			<Add library="Common/lib/glut32.lib" />
			<Add library="winmm" />
		</Linker>
		<Unit filename="include/AudioEngine.h" />
		<Unit filename="include/AudioSource.h" />
		<Unit filename="include/ChordManager.h" />
		<Unit filename="include/DeltaTime.h" />
		<Unit filename="include/Enemy.h" />
		<Unit filename="include/Fonts.h" />
		<Unit filename="include/GLLight.h" />
		<Unit filename="include/GLScene.h" />
		<Unit filename="include/HUD.h" />
		<Unit filename="include/Inputs.h" />
		<Unit filename="include/Level1.h" />
		<Unit filename="include/LevelCreator.h" />
		<Unit filename="include/LoadShader.h" />
		<Unit filename="include/MainMenu.h" />
		<Unit filename="include/MeleeEnemy.h" />
		<Unit filename="include/Model.h" />
		<Unit filename="include/Parallax.h" />
		<Unit filename="include/Particles.h" />
		<Unit filename="include/Player.h" />
		<Unit filename="include/Projectile.h" />
		<Unit filename="include/RangedEnemy.h" />
		<Unit filename="include/SceneManager.h" />
		<Unit filename="include/Skybox.h" />
		<Unit filename="include/TextureLoader.h" />
		<Unit filename="include/Timer.h" />
		<Unit filename="main.cpp" />
		<Unit filename="src/AudioEngine.cpp" />
		<Unit filename="src/AudioSource.cpp" />
		<Unit filename="src/ChordManager.cpp" />
		<Unit filename="src/DeltaTime.cpp" />
		<Unit filename="src/Enemy.cpp" />
		<Unit filename="src/Fonts.cpp" />
		<Unit filename="src/GLLight.cpp" />
		<Unit filename="src/GLScene.cpp" />
		<Unit filename="src/HUD.cpp" />
		<Unit filename="src/Inputs.cpp" />
		<Unit filename="src/Level1.cpp" />
		<Unit filename="src/LevelCreator.cpp" />
		<Unit filename="src/LoadShader.cpp" />
		<Unit filename="src/MainMenu.cpp" />
		<Unit filename="src/MeleeEnemy.cpp" />
		<Unit filename="src/Model.cpp" />
		<Unit filename="src/Parallax.cpp" />
		<Unit filename="src/Particles.cpp" />
		<Unit filename="src/Player.cpp" />
		<Unit filename="src/Projectile.cpp" />
		<Unit filename="src/RangedEnemy.cpp" />
		<Unit filename="src/SceneManager.cpp" />
		<Unit filename="src/Skybox.cpp" />
		<Unit filename="src/TextureLoader.cpp" />
		<Unit filename="src/Timer.cpp" />
		<Extensions>
			<code_completion />
			<envvars />
			<debugger />
			<lib_finder disable_auto="1" />
		</Extensions>
	</Project>
</CodeBlocks_project_file>
