
Microsoft Visual Studio Solution File, Format Version 12.00
# Visual Studio 15
VisualStudioVersion = 15.0.27428.1
MinimumVisualStudioVersion = 10.0.40219.1
Project("{8BC9CEB8-8B4A-11D0-8D11-00A0C91BC942}") = "EngineVS", "EngineVS\EngineVS.vcxproj", "{7AA4116A-4393-4CB3-AA7F-E2788D978F0D}"
EndProject
Global
	GlobalSection(SolutionConfigurationPlatforms) = preSolution
		Debug|x64 = Debug|x64
		Debug|x86 = Debug|x86
		Release|x64 = Release|x64
		Release|x86 = Release|x86
	EndGlobalSection
	GlobalSection(ProjectConfigurationPlatforms) = postSolution
		{7AA4116A-4393-4CB3-AA7F-E2788D978F0D}.Debug|x64.ActiveCfg = Debug|x64
		{7AA4116A-4393-4CB3-AA7F-E2788D978F0D}.Debug|x64.Build.0 = Debug|x64
		{7AA4116A-4393-4CB3-AA7F-E2788D978F0D}.Debug|x86.ActiveCfg = Debug|Win32
		{7AA4116A-4393-4CB3-AA7F-E2788D978F0D}.Debug|x86.Build.0 = Debug|Win32
		{7AA4116A-4393-4CB3-AA7F-E2788D978F0D}.Release|x64.ActiveCfg = Release|x64
		{7AA4116A-4393-4CB3-AA7F-E2788D978F0D}.Release|x64.Build.0 = Release|x64
		{7AA4116A-4393-4CB3-AA7F-E2788D978F0D}.Release|x86.ActiveCfg = Release|Win32
		{7AA4116A-4393-4CB3-AA7F-E2788D978F0D}.Release|x86.Build.0 = Release|Win32
	EndGlobalSection
	GlobalSection(SolutionProperties) = preSolution
		HideSolutionNode = FALSE
	EndGlobalSection
	GlobalSection(ExtensibilityGlobals) = postSolution
		SolutionGuid = {6B8FB324-AF05-4EFE-8FA9-75C6FB20E8AE}
	EndGlobalSection
EndGlobal
